// !$*UTF8*$!
{
	archiveVersion = 1;
	classes = {
	};
	objectVersion = 46;
	objects = {

/* Begin PBXBuildFile section */
		2393B3B21964117A006EA934 /* beautiful_faces_45.jpg in Resources */ = {isa = PBXBuildFile; fileRef = 2393B3B11964117A006EA934 /* beautiful_faces_45.jpg */; };
		2393B3B619641505006EA934 /* kreativnye_muzhskie_strizhki_005_full.jpg in Resources */ = {isa = PBXBuildFile; fileRef = 2393B3B519641505006EA934 /* kreativnye_muzhskie_strizhki_005_full.jpg */; };
		2393B3B81964156C006EA934 /* man-face-wash.jpg in Resources */ = {isa = PBXBuildFile; fileRef = 2393B3B71964156C006EA934 /* man-face-wash.jpg */; };
		2393B3BA19641599006EA934 /* imagesjio.jpg in Resources */ = {isa = PBXBuildFile; fileRef = 2393B3B919641599006EA934 /* imagesjio.jpg */; };
		2393B3BE1964177B006EA934 /* 131014154.jpg in Resources */ = {isa = PBXBuildFile; fileRef = 2393B3BD1964177B006EA934 /* 131014154.jpg */; };
		2393B3C019641787006EA934 /* 1273635610_031_13771_032.jpg in Resources */ = {isa = PBXBuildFile; fileRef = 2393B3BF19641787006EA934 /* 1273635610_031_13771_032.jpg */; };
		2393B3C219641790006EA934 /* imagesnio.jpg in Resources */ = {isa = PBXBuildFile; fileRef = 2393B3C119641790006EA934 /* imagesnio.jpg */; };
		2393B3C419641799006EA934 /* Unknown.jpg in Resources */ = {isa = PBXBuildFile; fileRef = 2393B3C319641799006EA934 /* Unknown.jpg */; };
		2393B3C619641B96006EA934 /* men--smile--person--hair_3227611.jpeg in Resources */ = {isa = PBXBuildFile; fileRef = 2393B3C519641B96006EA934 /* men--smile--person--hair_3227611.jpeg */; };
		2393B3C71964242C006EA934 /* ViewController2.m in Sources */ = {isa = PBXBuildFile; fileRef = 23A783171962E4EE00AFC5E8 /* ViewController2.m */; };
		23A782CF19628F1D00AFC5E8 /* Foundation.framework in Frameworks */ = {isa = PBXBuildFile; fileRef = 23A782CE19628F1D00AFC5E8 /* Foundation.framework */; };
		23A782D119628F1E00AFC5E8 /* CoreGraphics.framework in Frameworks */ = {isa = PBXBuildFile; fileRef = 23A782D019628F1E00AFC5E8 /* CoreGraphics.framework */; };
		23A782D319628F1E00AFC5E8 /* UIKit.framework in Frameworks */ = {isa = PBXBuildFile; fileRef = 23A782D219628F1E00AFC5E8 /* UIKit.framework */; };
		23A782D919628F1E00AFC5E8 /* InfoPlist.strings in Resources */ = {isa = PBXBuildFile; fileRef = 23A782D719628F1E00AFC5E8 /* InfoPlist.strings */; };
		23A782DB19628F1E00AFC5E8 /* main.m in Sources */ = {isa = PBXBuildFile; fileRef = 23A782DA19628F1E00AFC5E8 /* main.m */; };
		23A782DF19628F1E00AFC5E8 /* AppDelegate.m in Sources */ = {isa = PBXBuildFile; fileRef = 23A782DE19628F1E00AFC5E8 /* AppDelegate.m */; };
		23A782E219628F1E00AFC5E8 /* Main_iPhone.storyboard in Resources */ = {isa = PBXBuildFile; fileRef = 23A782E019628F1E00AFC5E8 /* Main_iPhone.storyboard */; };
		23A782E519628F1E00AFC5E8 /* Main_iPad.storyboard in Resources */ = {isa = PBXBuildFile; fileRef = 23A782E319628F1E00AFC5E8 /* Main_iPad.storyboard */; };
		23A782E819628F1E00AFC5E8 /* ViewController.m in Sources */ = {isa = PBXBuildFile; fileRef = 23A782E719628F1E00AFC5E8 /* ViewController.m */; };
		23A782EA19628F1E00AFC5E8 /* Images.xcassets in Resources */ = {isa = PBXBuildFile; fileRef = 23A782E919628F1E00AFC5E8 /* Images.xcassets */; };
		23A782F119628F1E00AFC5E8 /* XCTest.framework in Frameworks */ = {isa = PBXBuildFile; fileRef = 23A782F019628F1E00AFC5E8 /* XCTest.framework */; };
		23A782F219628F1E00AFC5E8 /* Foundation.framework in Frameworks */ = {isa = PBXBuildFile; fileRef = 23A782CE19628F1D00AFC5E8 /* Foundation.framework */; };
		23A782F319628F1E00AFC5E8 /* UIKit.framework in Frameworks */ = {isa = PBXBuildFile; fileRef = 23A782D219628F1E00AFC5E8 /* UIKit.framework */; };
		23A782FB19628F1E00AFC5E8 /* InfoPlist.strings in Resources */ = {isa = PBXBuildFile; fileRef = 23A782F919628F1E00AFC5E8 /* InfoPlist.strings */; };
		23A782FD19628F1E00AFC5E8 /* NewTests.m in Sources */ = {isa = PBXBuildFile; fileRef = 23A782FC19628F1E00AFC5E8 /* NewTests.m */; };
		23A783091962B76F00AFC5E8 /* TableViewController.m in Sources */ = {isa = PBXBuildFile; fileRef = 23A783071962B76F00AFC5E8 /* TableViewController.m */; };
		23A7830C1962D85F00AFC5E8 /* images.jpg in Resources */ = {isa = PBXBuildFile; fileRef = 23A7830B1962D85F00AFC5E8 /* images.jpg */; };
		23A7830F1962DA6200AFC5E8 /* TableViewController2.m in Sources */ = {isa = PBXBuildFile; fileRef = 23A7830E1962DA6200AFC5E8 /* TableViewController2.m */; };
/* End PBXBuildFile section */

/* Begin PBXContainerItemProxy section */
		23A782F419628F1E00AFC5E8 /* PBXContainerItemProxy */ = {
			isa = PBXContainerItemProxy;
			containerPortal = 23A782C319628F1D00AFC5E8 /* Project object */;
			proxyType = 1;
			remoteGlobalIDString = 23A782CA19628F1D00AFC5E8;
			remoteInfo = New;
		};
/* End PBXContainerItemProxy section */

/* Begin PBXFileReference section */
		2393B3B11964117A006EA934 /* beautiful_faces_45.jpg */ = {isa = PBXFileReference; lastKnownFileType = image.jpeg; path = beautiful_faces_45.jpg; sourceTree = "<group>"; };
		2393B3B519641505006EA934 /* kreativnye_muzhskie_strizhki_005_full.jpg */ = {isa = PBXFileReference; lastKnownFileType = image.jpeg; path = kreativnye_muzhskie_strizhki_005_full.jpg; sourceTree = "<group>"; };
		2393B3B71964156C006EA934 /* man-face-wash.jpg */ = {isa = PBXFileReference; lastKnownFileType = image.jpeg; path = "man-face-wash.jpg"; sourceTree = "<group>"; };
		2393B3B919641599006EA934 /* imagesjio.jpg */ = {isa = PBXFileReference; lastKnownFileType = image.jpeg; path = imagesjio.jpg; sourceTree = "<group>"; };
		2393B3BD1964177B006EA934 /* 131014154.jpg */ = {isa = PBXFileReference; lastKnownFileType = image.jpeg; path = 131014154.jpg; sourceTree = "<group>"; };
		2393B3BF19641787006EA934 /* 1273635610_031_13771_032.jpg */ = {isa = PBXFileReference; lastKnownFileType = image.jpeg; path = 1273635610_031_13771_032.jpg; sourceTree = "<group>"; };
		2393B3C119641790006EA934 /* imagesnio.jpg */ = {isa = PBXFileReference; lastKnownFileType = image.jpeg; path = imagesnio.jpg; sourceTree = "<group>"; };
		2393B3C319641799006EA934 /* Unknown.jpg */ = {isa = PBXFileReference; lastKnownFileType = image.jpeg; path = Unknown.jpg; sourceTree = "<group>"; };
		2393B3C519641B96006EA934 /* men--smile--person--hair_3227611.jpeg */ = {isa = PBXFileReference; lastKnownFileType = image.jpeg; path = "men--smile--person--hair_3227611.jpeg"; sourceTree = "<group>"; };
		23A782CB19628F1D00AFC5E8 /* New.app */ = {isa = PBXFileReference; explicitFileType = wrapper.application; includeInIndex = 0; path = New.app; sourceTree = BUILT_PRODUCTS_DIR; };
		23A782CE19628F1D00AFC5E8 /* Foundation.framework */ = {isa = PBXFileReference; lastKnownFileType = wrapper.framework; name = Foundation.framework; path = System/Library/Frameworks/Foundation.framework; sourceTree = SDKROOT; };
		23A782D019628F1E00AFC5E8 /* CoreGraphics.framework */ = {isa = PBXFileReference; lastKnownFileType = wrapper.framework; name = CoreGraphics.framework; path = System/Library/Frameworks/CoreGraphics.framework; sourceTree = SDKROOT; };
		23A782D219628F1E00AFC5E8 /* UIKit.framework */ = {isa = PBXFileReference; lastKnownFileType = wrapper.framework; name = UIKit.framework; path = System/Library/Frameworks/UIKit.framework; sourceTree = SDKROOT; };
		23A782D619628F1E00AFC5E8 /* New-Info.plist */ = {isa = PBXFileReference; lastKnownFileType = text.plist.xml; path = "New-Info.plist"; sourceTree = "<group>"; };
		23A782D819628F1E00AFC5E8 /* en */ = {isa = PBXFileReference; lastKnownFileType = text.plist.strings; name = en; path = en.lproj/InfoPlist.strings; sourceTree = "<group>"; };
		23A782DA19628F1E00AFC5E8 /* main.m */ = {isa = PBXFileReference; lastKnownFileType = sourcecode.c.objc; path = main.m; sourceTree = "<group>"; };
		23A782DC19628F1E00AFC5E8 /* New-Prefix.pch */ = {isa = PBXFileReference; lastKnownFileType = sourcecode.c.h; path = "New-Prefix.pch"; sourceTree = "<group>"; };
		23A782DD19628F1E00AFC5E8 /* AppDelegate.h */ = {isa = PBXFileReference; lastKnownFileType = sourcecode.c.h; path = AppDelegate.h; sourceTree = "<group>"; };
		23A782DE19628F1E00AFC5E8 /* AppDelegate.m */ = {isa = PBXFileReference; lastKnownFileType = sourcecode.c.objc; path = AppDelegate.m; sourceTree = "<group>"; };
		23A782E119628F1E00AFC5E8 /* Base */ = {isa = PBXFileReference; lastKnownFileType = file.storyboard; name = Base; path = Base.lproj/Main_iPhone.storyboard; sourceTree = "<group>"; };
		23A782E419628F1E00AFC5E8 /* Base */ = {isa = PBXFileReference; lastKnownFileType = file.storyboard; name = Base; path = Base.lproj/Main_iPad.storyboard; sourceTree = "<group>"; };
		23A782E619628F1E00AFC5E8 /* ViewController.h */ = {isa = PBXFileReference; lastKnownFileType = sourcecode.c.h; path = ViewController.h; sourceTree = "<group>"; };
		23A782E719628F1E00AFC5E8 /* ViewController.m */ = {isa = PBXFileReference; lastKnownFileType = sourcecode.c.objc; path = ViewController.m; sourceTree = "<group>"; };
		23A782E919628F1E00AFC5E8 /* Images.xcassets */ = {isa = PBXFileReference; lastKnownFileType = folder.assetcatalog; path = Images.xcassets; sourceTree = "<group>"; };
		23A782EF19628F1E00AFC5E8 /* NewTests.xctest */ = {isa = PBXFileReference; explicitFileType = wrapper.cfbundle; includeInIndex = 0; path = NewTests.xctest; sourceTree = BUILT_PRODUCTS_DIR; };
		23A782F019628F1E00AFC5E8 /* XCTest.framework */ = {isa = PBXFileReference; lastKnownFileType = wrapper.framework; name = XCTest.framework; path = Library/Frameworks/XCTest.framework; sourceTree = DEVELOPER_DIR; };
		23A782F819628F1E00AFC5E8 /* NewTests-Info.plist */ = {isa = PBXFileReference; lastKnownFileType = text.plist.xml; path = "NewTests-Info.plist"; sourceTree = "<group>"; };
		23A782FA19628F1E00AFC5E8 /* en */ = {isa = PBXFileReference; lastKnownFileType = text.plist.strings; name = en; path = en.lproj/InfoPlist.strings; sourceTree = "<group>"; };
		23A782FC19628F1E00AFC5E8 /* NewTests.m */ = {isa = PBXFileReference; lastKnownFileType = sourcecode.c.objc; path = NewTests.m; sourceTree = "<group>"; };
		23A783061962B76F00AFC5E8 /* TableViewController.h */ = {isa = PBXFileReference; fileEncoding = 4; lastKnownFileType = sourcecode.c.h; path = TableViewController.h; sourceTree = "<group>"; };
		23A783071962B76F00AFC5E8 /* TableViewController.m */ = {isa = PBXFileReference; fileEncoding = 4; lastKnownFileType = sourcecode.c.objc; path = TableViewController.m; sourceTree = "<group>"; };
		23A7830B1962D85F00AFC5E8 /* images.jpg */ = {isa = PBXFileReference; lastKnownFileType = image.jpeg; name = images.jpg; path = ../../../Downloads/images.jpg; sourceTree = "<group>"; };
		23A7830D1962DA6200AFC5E8 /* TableViewController2.h */ = {isa = PBXFileReference; fileEncoding = 4; lastKnownFileType = sourcecode.c.h; path = TableViewController2.h; sourceTree = "<group>"; };
		23A7830E1962DA6200AFC5E8 /* TableViewController2.m */ = {isa = PBXFileReference; fileEncoding = 4; lastKnownFileType = sourcecode.c.objc; path = TableViewController2.m; sourceTree = "<group>"; };
		23A783161962E4EE00AFC5E8 /* ViewController2.h */ = {isa = PBXFileReference; fileEncoding = 4; lastKnownFileType = sourcecode.c.h; name = ViewController2.h; path = ../ViewController2.h; sourceTree = "<group>"; };
		23A783171962E4EE00AFC5E8 /* ViewController2.m */ = {isa = PBXFileReference; fileEncoding = 4; lastKnownFileType = sourcecode.c.objc; name = ViewController2.m; path = ../ViewController2.m; sourceTree = "<group>"; };
/* End PBXFileReference section */

/* Begin PBXFrameworksBuildPhase section */
		23A782C819628F1D00AFC5E8 /* Frameworks */ = {
			isa = PBXFrameworksBuildPhase;
			buildActionMask = 2147483647;
			files = (
				23A782D119628F1E00AFC5E8 /* CoreGraphics.framework in Frameworks */,
				23A782D319628F1E00AFC5E8 /* UIKit.framework in Frameworks */,
				23A782CF19628F1D00AFC5E8 /* Foundation.framework in Frameworks */,
			);
			runOnlyForDeploymentPostprocessing = 0;
		};
		23A782EC19628F1E00AFC5E8 /* Frameworks */ = {
			isa = PBXFrameworksBuildPhase;
			buildActionMask = 2147483647;
			files = (
				23A782F119628F1E00AFC5E8 /* XCTest.framework in Frameworks */,
				23A782F319628F1E00AFC5E8 /* UIKit.framework in Frameworks */,
				23A782F219628F1E00AFC5E8 /* Foundation.framework in Frameworks */,
			);
			runOnlyForDeploymentPostprocessing = 0;
		};
/* End PBXFrameworksBuildPhase section */

/* Begin PBXGroup section */
		23A782C219628F1D00AFC5E8 = {
			isa = PBXGroup;
			children = (
				23A782D419628F1E00AFC5E8 /* New */,
				23A782F619628F1E00AFC5E8 /* NewTests */,
				23A782CD19628F1D00AFC5E8 /* Frameworks */,
				23A782CC19628F1D00AFC5E8 /* Products */,
			);
			sourceTree = "<group>";
		};
		23A782CC19628F1D00AFC5E8 /* Products */ = {
			isa = PBXGroup;
			children = (
				23A782CB19628F1D00AFC5E8 /* New.app */,
				23A782EF19628F1E00AFC5E8 /* NewTests.xctest */,
			);
			name = Products;
			sourceTree = "<group>";
		};
		23A782CD19628F1D00AFC5E8 /* Frameworks */ = {
			isa = PBXGroup;
			children = (
				23A782CE19628F1D00AFC5E8 /* Foundation.framework */,
				23A782D019628F1E00AFC5E8 /* CoreGraphics.framework */,
				23A782D219628F1E00AFC5E8 /* UIKit.framework */,
				23A782F019628F1E00AFC5E8 /* XCTest.framework */,
			);
			name = Frameworks;
			sourceTree = "<group>";
		};
		23A782D419628F1E00AFC5E8 /* New */ = {
			isa = PBXGroup;
			children = (
				23A782DD19628F1E00AFC5E8 /* AppDelegate.h */,
				23A782DE19628F1E00AFC5E8 /* AppDelegate.m */,
				23A782E019628F1E00AFC5E8 /* Main_iPhone.storyboard */,
				23A782E319628F1E00AFC5E8 /* Main_iPad.storyboard */,
				23A783061962B76F00AFC5E8 /* TableViewController.h */,
				23A783071962B76F00AFC5E8 /* TableViewController.m */,
				23A782E619628F1E00AFC5E8 /* ViewController.h */,
				23A782E719628F1E00AFC5E8 /* ViewController.m */,
				23A7830D1962DA6200AFC5E8 /* TableViewController2.h */,
				23A7830E1962DA6200AFC5E8 /* TableViewController2.m */,
				23A783161962E4EE00AFC5E8 /* ViewController2.h */,
				23A783171962E4EE00AFC5E8 /* ViewController2.m */,
				23A782E919628F1E00AFC5E8 /* Images.xcassets */,
				23A782D519628F1E00AFC5E8 /* Supporting Files */,
			);
			path = New;
			sourceTree = "<group>";
		};
		23A782D519628F1E00AFC5E8 /* Supporting Files */ = {
			isa = PBXGroup;
			children = (
				2393B3C519641B96006EA934 /* men--smile--person--hair_3227611.jpeg */,
				2393B3C319641799006EA934 /* Unknown.jpg */,
				2393B3C119641790006EA934 /* imagesnio.jpg */,
				2393B3BF19641787006EA934 /* 1273635610_031_13771_032.jpg */,
				2393B3BD1964177B006EA934 /* 131014154.jpg */,
				2393B3B919641599006EA934 /* imagesjio.jpg */,
				2393B3B71964156C006EA934 /* man-face-wash.jpg */,
				2393B3B519641505006EA934 /* kreativnye_muzhskie_strizhki_005_full.jpg */,
				2393B3B11964117A006EA934 /* beautiful_faces_45.jpg */,
				23A7830B1962D85F00AFC5E8 /* images.jpg */,
				23A782D619628F1E00AFC5E8 /* New-Info.plist */,
				23A782D719628F1E00AFC5E8 /* InfoPlist.strings */,
				23A782DA19628F1E00AFC5E8 /* main.m */,
				23A782DC19628F1E00AFC5E8 /* New-Prefix.pch */,
			);
			name = "Supporting Files";
			sourceTree = "<group>";
		};
		23A782F619628F1E00AFC5E8 /* NewTests */ = {
			isa = PBXGroup;
			children = (
				23A782FC19628F1E00AFC5E8 /* NewTests.m */,
				23A782F719628F1E00AFC5E8 /* Supporting Files */,
			);
			path = NewTests;
			sourceTree = "<group>";
		};
		23A782F719628F1E00AFC5E8 /* Supporting Files */ = {
			isa = PBXGroup;
			children = (
				23A782F819628F1E00AFC5E8 /* NewTests-Info.plist */,
				23A782F919628F1E00AFC5E8 /* InfoPlist.strings */,
			);
			name = "Supporting Files";
			sourceTree = "<group>";
		};
/* End PBXGroup section */

/* Begin PBXNativeTarget section */
		23A782CA19628F1D00AFC5E8 /* New */ = {
			isa = PBXNativeTarget;
			buildConfigurationList = 23A7830019628F1E00AFC5E8 /* Build configuration list for PBXNativeTarget "New" */;
			buildPhases = (
				23A782C719628F1D00AFC5E8 /* Sources */,
				23A782C819628F1D00AFC5E8 /* Frameworks */,
				23A782C919628F1D00AFC5E8 /* Resources */,
			);
			buildRules = (
			);
			dependencies = (
			);
			name = New;
			productName = New;
			productReference = 23A782CB19628F1D00AFC5E8 /* New.app */;
			productType = "com.apple.product-type.application";
		};
		23A782EE19628F1E00AFC5E8 /* NewTests */ = {
			isa = PBXNativeTarget;
			buildConfigurationList = 23A7830319628F1E00AFC5E8 /* Build configuration list for PBXNativeTarget "NewTests" */;
			buildPhases = (
				23A782EB19628F1E00AFC5E8 /* Sources */,
				23A782EC19628F1E00AFC5E8 /* Frameworks */,
				23A782ED19628F1E00AFC5E8 /* Resources */,
			);
			buildRules = (
			);
			dependencies = (
				23A782F519628F1E00AFC5E8 /* PBXTargetDependency */,
			);
			name = NewTests;
			productName = NewTests;
			productReference = 23A782EF19628F1E00AFC5E8 /* NewTests.xctest */;
			productType = "com.apple.product-type.bundle.unit-test";
		};
/* End PBXNativeTarget section */

/* Begin PBXProject section */
		23A782C319628F1D00AFC5E8 /* Project object */ = {
			isa = PBXProject;
			attributes = {
				LastUpgradeCheck = 0510;
				ORGANIZATIONNAME = "___FULLUSERNAME___";
				TargetAttributes = {
					23A782EE19628F1E00AFC5E8 = {
						TestTargetID = 23A782CA19628F1D00AFC5E8;
					};
				};
			};
			buildConfigurationList = 23A782C619628F1D00AFC5E8 /* Build configuration list for PBXProject "New" */;
			compatibilityVersion = "Xcode 3.2";
			developmentRegion = English;
			hasScannedForEncodings = 0;
			knownRegions = (
				en,
				Base,
			);
			mainGroup = 23A782C219628F1D00AFC5E8;
			productRefGroup = 23A782CC19628F1D00AFC5E8 /* Products */;
			projectDirPath = "";
			projectRoot = "";
			targets = (
				23A782CA19628F1D00AFC5E8 /* New */,
				23A782EE19628F1E00AFC5E8 /* NewTests */,
			);
		};
/* End PBXProject section */

/* Begin PBXResourcesBuildPhase section */
		23A782C919628F1D00AFC5E8 /* Resources */ = {
			isa = PBXResourcesBuildPhase;
			buildActionMask = 2147483647;
			files = (
				23A782E519628F1E00AFC5E8 /* Main_iPad.storyboard in Resources */,
				23A782EA19628F1E00AFC5E8 /* Images.xcassets in Resources */,
				2393B3B21964117A006EA934 /* beautiful_faces_45.jpg in Resources */,
				2393B3B619641505006EA934 /* kreativnye_muzhskie_strizhki_005_full.jpg in Resources */,
				2393B3C019641787006EA934 /* 1273635610_031_13771_032.jpg in Resources */,
				23A782E219628F1E00AFC5E8 /* Main_iPhone.storyboard in Resources */,
				2393B3B81964156C006EA934 /* man-face-wash.jpg in Resources */,
				2393B3C619641B96006EA934 /* men--smile--person--hair_3227611.jpeg in Resources */,
				2393B3C219641790006EA934 /* imagesnio.jpg in Resources */,
				23A782D919628F1E00AFC5E8 /* InfoPlist.strings in Resources */,
				2393B3BE1964177B006EA934 /* 131014154.jpg in Resources */,
				2393B3C419641799006EA934 /* Unknown.jpg in Resources */,
				2393B3BA19641599006EA934 /* imagesjio.jpg in Resources */,
				23A7830C1962D85F00AFC5E8 /* images.jpg in Resources */,
			);
			runOnlyForDeploymentPostprocessing = 0;
		};
		23A782ED19628F1E00AFC5E8 /* Resources */ = {
			isa = PBXResourcesBuildPhase;
			buildActionMask = 2147483647;
			files = (
				23A782FB19628F1E00AFC5E8 /* InfoPlist.strings in Resources */,
			);
			runOnlyForDeploymentPostprocessing = 0;
		};
/* End PBXResourcesBuildPhase section */

/* Begin PBXSourcesBuildPhase section */
		23A782C719628F1D00AFC5E8 /* Sources */ = {
			isa = PBXSourcesBuildPhase;
			buildActionMask = 2147483647;
			files = (
				2393B3C71964242C006EA934 /* ViewController2.m in Sources */,
				23A782E819628F1E00AFC5E8 /* ViewController.m in Sources */,
				23A782DF19628F1E00AFC5E8 /* AppDelegate.m in Sources */,
				23A782DB19628F1E00AFC5E8 /* main.m in Sources */,
				23A7830F1962DA6200AFC5E8 /* TableViewController2.m in Sources */,
				23A783091962B76F00AFC5E8 /* TableViewController.m in Sources */,
			);
			runOnlyForDeploymentPostprocessing = 0;
		};
		23A782EB19628F1E00AFC5E8 /* Sources */ = {
			isa = PBXSourcesBuildPhase;
			buildActionMask = 2147483647;
			files = (
				23A782FD19628F1E00AFC5E8 /* NewTests.m in Sources */,
			);
			runOnlyForDeploymentPostprocessing = 0;
		};
/* End PBXSourcesBuildPhase section */

/* Begin PBXTargetDependency section */
		23A782F519628F1E00AFC5E8 /* PBXTargetDependency */ = {
			isa = PBXTargetDependency;
			target = 23A782CA19628F1D00AFC5E8 /* New */;
			targetProxy = 23A782F419628F1E00AFC5E8 /* PBXContainerItemProxy */;
		};
/* End PBXTargetDependency section */

/* Begin PBXVariantGroup section */
		23A782D719628F1E00AFC5E8 /* InfoPlist.strings */ = {
			isa = PBXVariantGroup;
			children = (
				23A782D819628F1E00AFC5E8 /* en */,
			);
			name = InfoPlist.strings;
			sourceTree = "<group>";
		};
		23A782E019628F1E00AFC5E8 /* Main_iPhone.storyboard */ = {
			isa = PBXVariantGroup;
			children = (
				23A782E119628F1E00AFC5E8 /* Base */,
			);
			name = Main_iPhone.storyboard;
			sourceTree = "<group>";
		};
		23A782E319628F1E00AFC5E8 /* Main_iPad.storyboard */ = {
			isa = PBXVariantGroup;
			children = (
				23A782E419628F1E00AFC5E8 /* Base */,
			);
			name = Main_iPad.storyboard;
			sourceTree = "<group>";
		};
		23A782F919628F1E00AFC5E8 /* InfoPlist.strings */ = {
			isa = PBXVariantGroup;
			children = (
				23A782FA19628F1E00AFC5E8 /* en */,
			);
			name = InfoPlist.strings;
			sourceTree = "<group>";
		};
/* End PBXVariantGroup section */

/* Begin XCBuildConfiguration section */
		23A782FE19628F1E00AFC5E8 /* Debug */ = {
			isa = XCBuildConfiguration;
			buildSettings = {
				ALWAYS_SEARCH_USER_PATHS = NO;
				CLANG_CXX_LANGUAGE_STANDARD = "gnu++0x";
				CLANG_CXX_LIBRARY = "libc++";
				CLANG_ENABLE_MODULES = YES;
				CLANG_ENABLE_OBJC_ARC = YES;
				CLANG_WARN_BOOL_CONVERSION = YES;
				CLANG_WARN_CONSTANT_CONVERSION = YES;
				CLANG_WARN_DIRECT_OBJC_ISA_USAGE = YES_ERROR;
				CLANG_WARN_EMPTY_BODY = YES;
				CLANG_WARN_ENUM_CONVERSION = YES;
				CLANG_WARN_INT_CONVERSION = YES;
				CLANG_WARN_OBJC_ROOT_CLASS = YES_ERROR;
				CLANG_WARN__DUPLICATE_METHOD_MATCH = YES;
				"CODE_SIGN_IDENTITY[sdk=iphoneos*]" = "iPhone Developer";
				COPY_PHASE_STRIP = NO;
				GCC_C_LANGUAGE_STANDARD = gnu99;
				GCC_DYNAMIC_NO_PIC = NO;
				GCC_OPTIMIZATION_LEVEL = 0;
				GCC_PREPROCESSOR_DEFINITIONS = (
					"DEBUG=1",
					"$(inherited)",
				);
				GCC_SYMBOLS_PRIVATE_EXTERN = NO;
				GCC_WARN_64_TO_32_BIT_CONVERSION = YES;
				GCC_WARN_ABOUT_RETURN_TYPE = YES_ERROR;
				GCC_WARN_UNDECLARED_SELECTOR = YES;
				GCC_WARN_UNINITIALIZED_AUTOS = YES_AGGRESSIVE;
				GCC_WARN_UNUSED_FUNCTION = YES;
				GCC_WARN_UNUSED_VARIABLE = YES;
				IPHONEOS_DEPLOYMENT_TARGET = 7.1;
				ONLY_ACTIVE_ARCH = YES;
				SDKROOT = iphoneos;
				TARGETED_DEVICE_FAMILY = "1,2";
			};
			name = Debug;
		};
		23A782FF19628F1E00AFC5E8 /* Release */ = {
			isa = XCBuildConfiguration;
			buildSettings = {
				ALWAYS_SEARCH_USER_PATHS = NO;
				CLANG_CXX_LANGUAGE_STANDARD = "gnu++0x";
				CLANG_CXX_LIBRARY = "libc++";
				CLANG_ENABLE_MODULES = YES;
				CLANG_ENABLE_OBJC_ARC = YES;
				CLANG_WARN_BOOL_CONVERSION = YES;
				CLANG_WARN_CONSTANT_CONVERSION = YES;
				CLANG_WARN_DIRECT_OBJC_ISA_USAGE = YES_ERROR;
				CLANG_WARN_EMPTY_BODY = YES;
				CLANG_WARN_ENUM_CONVERSION = YES;
				CLANG_WARN_INT_CONVERSION = YES;
				CLANG_WARN_OBJC_ROOT_CLASS = YES_ERROR;
				CLANG_WARN__DUPLICATE_METHOD_MATCH = YES;
				"CODE_SIGN_IDENTITY[sdk=iphoneos*]" = "iPhone Developer";
				COPY_PHASE_STRIP = YES;
				ENABLE_NS_ASSERTIONS = NO;
				GCC_C_LANGUAGE_STANDARD = gnu99;
				GCC_WARN_64_TO_32_BIT_CONVERSION = YES;
				GCC_WARN_ABOUT_RETURN_TYPE = YES_ERROR;
				GCC_WARN_UNDECLARED_SELECTOR = YES;
				GCC_WARN_UNINITIALIZED_AUTOS = YES_AGGRESSIVE;
				GCC_WARN_UNUSED_FUNCTION = YES;
				GCC_WARN_UNUSED_VARIABLE = YES;
				IPHONEOS_DEPLOYMENT_TARGET = 7.1;
				SDKROOT = iphoneos;
				TARGETED_DEVICE_FAMILY = "1,2";
				VALIDATE_PRODUCT = YES;
			};
			name = Release;
		};
		23A7830119628F1E00AFC5E8 /* Debug */ = {
			isa = XCBuildConfiguration;
			buildSettings = {
				ASSETCATALOG_COMPILER_APPICON_NAME = AppIcon;
				ASSETCATALOG_COMPILER_LAUNCHIMAGE_NAME = LaunchImage;
				GCC_PRECOMPILE_PREFIX_HEADER = YES;
				GCC_PREFIX_HEADER = "New/New-Prefix.pch";
				INFOPLIST_FILE = "New/New-Info.plist";
				PRODUCT_NAME = "$(TARGET_NAME)";
				WRAPPER_EXTENSION = app;
			};
			name = Debug;
		};
		23A7830219628F1E00AFC5E8 /* Release */ = {
			isa = XCBuildConfiguration;
			buildSettings = {
				ASSETCATALOG_COMPILER_APPICON_NAME = AppIcon;
				ASSETCATALOG_COMPILER_LAUNCHIMAGE_NAME = LaunchImage;
				GCC_PRECOMPILE_PREFIX_HEADER = YES;
				GCC_PREFIX_HEADER = "New/New-Prefix.pch";
				INFOPLIST_FILE = "New/New-Info.plist";
				PRODUCT_NAME = "$(TARGET_NAME)";
				WRAPPER_EXTENSION = app;
			};
			name = Release;
		};
		23A7830419628F1E00AFC5E8 /* Debug */ = {
			isa = XCBuildConfiguration;
			buildSettings = {
				BUNDLE_LOADER = "$(BUILT_PRODUCTS_DIR)/New.app/New";
				FRAMEWORK_SEARCH_PATHS = (
					"$(SDKROOT)/Developer/Library/Frameworks",
					"$(inherited)",
					"$(DEVELOPER_FRAMEWORKS_DIR)",
				);
				GCC_PRECOMPILE_PREFIX_HEADER = YES;
				GCC_PREFIX_HEADER = "New/New-Prefix.pch";
				GCC_PREPROCESSOR_DEFINITIONS = (
					"DEBUG=1",
					"$(inherited)",
				);
				INFOPLIST_FILE = "NewTests/NewTests-Info.plist";
				PRODUCT_NAME = "$(TARGET_NAME)";
				TEST_HOST = "$(BUNDLE_LOADER)";
				WRAPPER_EXTENSION = xctest;
			};
			name = Debug;
		};
		23A7830519628F1E00AFC5E8 /* Release */ = {
			isa = XCBuildConfiguration;
			buildSettings = {
				BUNDLE_LOADER = "$(BUILT_PRODUCTS_DIR)/New.app/New";
				FRAMEWORK_SEARCH_PATHS = (
					"$(SDKROOT)/Developer/Library/Frameworks",
					"$(inherited)",
					"$(DEVELOPER_FRAMEWORKS_DIR)",
				);
				GCC_PRECOMPILE_PREFIX_HEADER = YES;
				GCC_PREFIX_HEADER = "New/New-Prefix.pch";
				INFOPLIST_FILE = "NewTests/NewTests-Info.plist";
				PRODUCT_NAME = "$(TARGET_NAME)";
				TEST_HOST = "$(BUNDLE_LOADER)";
				WRAPPER_EXTENSION = xctest;
			};
			name = Release;
		};
/* End XCBuildConfiguration section */

/* Begin XCConfigurationList section */
		23A782C619628F1D00AFC5E8 /* Build configuration list for PBXProject "New" */ = {
			isa = XCConfigurationList;
			buildConfigurations = (
				23A782FE19628F1E00AFC5E8 /* Debug */,
				23A782FF19628F1E00AFC5E8 /* Release */,
			);
			defaultConfigurationIsVisible = 0;
			defaultConfigurationName = Release;
		};
		23A7830019628F1E00AFC5E8 /* Build configuration list for PBXNativeTarget "New" */ = {
			isa = XCConfigurationList;
			buildConfigurations = (
				23A7830119628F1E00AFC5E8 /* Debug */,
				23A7830219628F1E00AFC5E8 /* Release */,
			);
			defaultConfigurationIsVisible = 0;
			defaultConfigurationName = Release;
		};
		23A7830319628F1E00AFC5E8 /* Build configuration list for PBXNativeTarget "NewTests" */ = {
			isa = XCConfigurationList;
			buildConfigurations = (
				23A7830419628F1E00AFC5E8 /* Debug */,
				23A7830519628F1E00AFC5E8 /* Release */,
			);
			defaultConfigurationIsVisible = 0;
			defaultConfigurationName = Release;
		};
/* End XCConfigurationList section */
	};
	rootObject = 23A782C319628F1D00AFC5E8 /* Project object */;
}
